// !$*UTF8*$!
{
	archiveVersion = 1;
	classes = {
	};
	objectVersion = 50;
	objects = {

/* Begin PBXBuildFile section */
		ED4A206A26889E9C0087900A /* Toast.swift in Sources */ = {isa = PBXBuildFile; fileRef = ED4A206926889E9C0087900A /* Toast.swift */; };
		ED4A206F2688ABD10087900A /* UIImage.swift in Sources */ = {isa = PBXBuildFile; fileRef = ED4A206E2688ABD10087900A /* UIImage.swift */; };
		ED4A20782688FF780087900A /* LocalStorage.swift in Sources */ = {isa = PBXBuildFile; fileRef = ED4A20772688FF780087900A /* LocalStorage.swift */; };
		ED4A2080268903420087900A /* ChildDataStoring.swift in Sources */ = {isa = PBXBuildFile; fileRef = ED4A207F268903420087900A /* ChildDataStoring.swift */; };
		ED4A2088268931240087900A /* RandomService.swift in Sources */ = {isa = PBXBuildFile; fileRef = ED4A2087268931240087900A /* RandomService.swift */; };
		ED4A208D268938490087900A /* String.swift in Sources */ = {isa = PBXBuildFile; fileRef = ED4A208C268938490087900A /* String.swift */; };
		ED4A20D02689DDEB0087900A /* ValidatorService.swift in Sources */ = {isa = PBXBuildFile; fileRef = ED4A20CF2689DDEB0087900A /* ValidatorService.swift */; };
		EDBF74FE26839EF900F6C7A7 /* AppDelegate.swift in Sources */ = {isa = PBXBuildFile; fileRef = EDBF74FD26839EF900F6C7A7 /* AppDelegate.swift */; };
		EDBF750026839EF900F6C7A7 /* SceneDelegate.swift in Sources */ = {isa = PBXBuildFile; fileRef = EDBF74FF26839EF900F6C7A7 /* SceneDelegate.swift */; };
		EDBF750726839EFC00F6C7A7 /* Assets.xcassets in Resources */ = {isa = PBXBuildFile; fileRef = EDBF750626839EFC00F6C7A7 /* Assets.xcassets */; };
		EDBF750A26839EFC00F6C7A7 /* LaunchScreen.storyboard in Resources */ = {isa = PBXBuildFile; fileRef = EDBF750826839EFC00F6C7A7 /* LaunchScreen.storyboard */; };
		EDBF751526839EFC00F6C7A7 /* BabyProductTests.swift in Sources */ = {isa = PBXBuildFile; fileRef = EDBF751426839EFC00F6C7A7 /* BabyProductTests.swift */; };
		EDBF752026839EFC00F6C7A7 /* BabyProductUITests.swift in Sources */ = {isa = PBXBuildFile; fileRef = EDBF751F26839EFC00F6C7A7 /* BabyProductUITests.swift */; };
		EDBF75392683A28200F6C7A7 /* AutolayoutDSL.swift in Sources */ = {isa = PBXBuildFile; fileRef = EDBF75372683A28200F6C7A7 /* AutolayoutDSL.swift */; };
		EDBF753A2683A28200F6C7A7 /* AssembledModule.swift in Sources */ = {isa = PBXBuildFile; fileRef = EDBF75382683A28200F6C7A7 /* AssembledModule.swift */; };
		EDBF75512683A8B900F6C7A7 /* HomeCoordinator.swift in Sources */ = {isa = PBXBuildFile; fileRef = EDBF754D2683A8B900F6C7A7 /* HomeCoordinator.swift */; };
		EDBF75522683A8B900F6C7A7 /* HomeViewController.swift in Sources */ = {isa = PBXBuildFile; fileRef = EDBF754E2683A8B900F6C7A7 /* HomeViewController.swift */; };
		EDBF75532683A8B900F6C7A7 /* HomeController.swift in Sources */ = {isa = PBXBuildFile; fileRef = EDBF754F2683A8B900F6C7A7 /* HomeController.swift */; };
		EDBF75542683A8B900F6C7A7 /* HomeAssembly.swift in Sources */ = {isa = PBXBuildFile; fileRef = EDBF75502683A8B900F6C7A7 /* HomeAssembly.swift */; };
		EDBF755C2683A95400F6C7A7 /* BaseViewController.swift in Sources */ = {isa = PBXBuildFile; fileRef = EDBF755B2683A95400F6C7A7 /* BaseViewController.swift */; };
		EDBF75622683A99F00F6C7A7 /* UIColor.swift in Sources */ = {isa = PBXBuildFile; fileRef = EDBF75612683A99F00F6C7A7 /* UIColor.swift */; };
		EDBF75742683BC5000F6C7A7 /* ActionButtonShadow.swift in Sources */ = {isa = PBXBuildFile; fileRef = EDBF75732683BC5000F6C7A7 /* ActionButtonShadow.swift */; };
		EDBF75812683BDB900F6C7A7 /* Font.swift in Sources */ = {isa = PBXBuildFile; fileRef = EDBF75802683BDB900F6C7A7 /* Font.swift */; };
		EDBF75862683C1AD00F6C7A7 /* UIApplication.swift in Sources */ = {isa = PBXBuildFile; fileRef = EDBF75852683C1AD00F6C7A7 /* UIApplication.swift */; };
		EDBF75962683C9D800F6C7A7 /* BirthdayScreenCoordinator.swift in Sources */ = {isa = PBXBuildFile; fileRef = EDBF75922683C9D800F6C7A7 /* BirthdayScreenCoordinator.swift */; };
		EDBF75972683C9D800F6C7A7 /* BirthdayScreenViewController.swift in Sources */ = {isa = PBXBuildFile; fileRef = EDBF75932683C9D800F6C7A7 /* BirthdayScreenViewController.swift */; };
		EDBF75982683C9D800F6C7A7 /* BirthdayScreenController.swift in Sources */ = {isa = PBXBuildFile; fileRef = EDBF75942683C9D800F6C7A7 /* BirthdayScreenController.swift */; };
		EDBF75992683C9D800F6C7A7 /* BirthdayScreenAssembly.swift in Sources */ = {isa = PBXBuildFile; fileRef = EDBF75952683C9D800F6C7A7 /* BirthdayScreenAssembly.swift */; };
		EDBF759F2683CB1600F6C7A7 /* ChildData.swift in Sources */ = {isa = PBXBuildFile; fileRef = EDBF759E2683CB1600F6C7A7 /* ChildData.swift */; };
		EDBF75DA2683D29900F6C7A7 /* Date.swift in Sources */ = {isa = PBXBuildFile; fileRef = EDBF75D92683D29900F6C7A7 /* Date.swift */; };
		EDBF76872684FD7900F6C7A7 /* ImagePicker.swift in Sources */ = {isa = PBXBuildFile; fileRef = EDBF76862684FD7900F6C7A7 /* ImagePicker.swift */; };
		EDBF768F2685030200F6C7A7 /* UIView.swift in Sources */ = {isa = PBXBuildFile; fileRef = EDBF768E2685030200F6C7A7 /* UIView.swift */; };
		EDBF76942685099D00F6C7A7 /* UIViewController.swift in Sources */ = {isa = PBXBuildFile; fileRef = EDBF76932685099D00F6C7A7 /* UIViewController.swift */; };
		EDBF769A26850F3800F6C7A7 /* ViewFactory.swift in Sources */ = {isa = PBXBuildFile; fileRef = EDBF769926850F3800F6C7A7 /* ViewFactory.swift */; };
/* End PBXBuildFile section */

/* Begin PBXContainerItemProxy section */
		EDBF751126839EFC00F6C7A7 /* PBXContainerItemProxy */ = {
			isa = PBXContainerItemProxy;
			containerPortal = EDBF74F226839EF900F6C7A7 /* Project object */;
			proxyType = 1;
			remoteGlobalIDString = EDBF74F926839EF900F6C7A7;
			remoteInfo = BabyProduct;
		};
		EDBF751C26839EFC00F6C7A7 /* PBXContainerItemProxy */ = {
			isa = PBXContainerItemProxy;
			containerPortal = EDBF74F226839EF900F6C7A7 /* Project object */;
			proxyType = 1;
			remoteGlobalIDString = EDBF74F926839EF900F6C7A7;
			remoteInfo = BabyProduct;
		};
/* End PBXContainerItemProxy section */

/* Begin PBXFileReference section */
		ED4A206926889E9C0087900A /* Toast.swift */ = {isa = PBXFileReference; lastKnownFileType = sourcecode.swift; path = Toast.swift; sourceTree = "<group>"; };
		ED4A206E2688ABD10087900A /* UIImage.swift */ = {isa = PBXFileReference; lastKnownFileType = sourcecode.swift; path = UIImage.swift; sourceTree = "<group>"; };
		ED4A20772688FF780087900A /* LocalStorage.swift */ = {isa = PBXFileReference; lastKnownFileType = sourcecode.swift; path = LocalStorage.swift; sourceTree = "<group>"; };
		ED4A207F268903420087900A /* ChildDataStoring.swift */ = {isa = PBXFileReference; lastKnownFileType = sourcecode.swift; path = ChildDataStoring.swift; sourceTree = "<group>"; };
		ED4A2087268931240087900A /* RandomService.swift */ = {isa = PBXFileReference; lastKnownFileType = sourcecode.swift; path = RandomService.swift; sourceTree = "<group>"; };
		ED4A208C268938490087900A /* String.swift */ = {isa = PBXFileReference; lastKnownFileType = sourcecode.swift; path = String.swift; sourceTree = "<group>"; };
		ED4A20CF2689DDEB0087900A /* ValidatorService.swift */ = {isa = PBXFileReference; lastKnownFileType = sourcecode.swift; path = ValidatorService.swift; sourceTree = "<group>"; };
		EDBF74FA26839EF900F6C7A7 /* BabyProduct.app */ = {isa = PBXFileReference; explicitFileType = wrapper.application; includeInIndex = 0; path = BabyProduct.app; sourceTree = BUILT_PRODUCTS_DIR; };
		EDBF74FD26839EF900F6C7A7 /* AppDelegate.swift */ = {isa = PBXFileReference; lastKnownFileType = sourcecode.swift; path = AppDelegate.swift; sourceTree = "<group>"; };
		EDBF74FF26839EF900F6C7A7 /* SceneDelegate.swift */ = {isa = PBXFileReference; lastKnownFileType = sourcecode.swift; path = SceneDelegate.swift; sourceTree = "<group>"; };
		EDBF750626839EFC00F6C7A7 /* Assets.xcassets */ = {isa = PBXFileReference; lastKnownFileType = folder.assetcatalog; path = Assets.xcassets; sourceTree = "<group>"; };
		EDBF750926839EFC00F6C7A7 /* Base */ = {isa = PBXFileReference; lastKnownFileType = file.storyboard; name = Base; path = Base.lproj/LaunchScreen.storyboard; sourceTree = "<group>"; };
		EDBF750B26839EFC00F6C7A7 /* Info.plist */ = {isa = PBXFileReference; lastKnownFileType = text.plist.xml; path = Info.plist; sourceTree = "<group>"; };
		EDBF751026839EFC00F6C7A7 /* BabyProductTests.xctest */ = {isa = PBXFileReference; explicitFileType = wrapper.cfbundle; includeInIndex = 0; path = BabyProductTests.xctest; sourceTree = BUILT_PRODUCTS_DIR; };
		EDBF751426839EFC00F6C7A7 /* BabyProductTests.swift */ = {isa = PBXFileReference; lastKnownFileType = sourcecode.swift; path = BabyProductTests.swift; sourceTree = "<group>"; };
		EDBF751626839EFC00F6C7A7 /* Info.plist */ = {isa = PBXFileReference; lastKnownFileType = text.plist.xml; path = Info.plist; sourceTree = "<group>"; };
		EDBF751B26839EFC00F6C7A7 /* BabyProductUITests.xctest */ = {isa = PBXFileReference; explicitFileType = wrapper.cfbundle; includeInIndex = 0; path = BabyProductUITests.xctest; sourceTree = BUILT_PRODUCTS_DIR; };
		EDBF751F26839EFC00F6C7A7 /* BabyProductUITests.swift */ = {isa = PBXFileReference; lastKnownFileType = sourcecode.swift; path = BabyProductUITests.swift; sourceTree = "<group>"; };
		EDBF752126839EFC00F6C7A7 /* Info.plist */ = {isa = PBXFileReference; lastKnownFileType = text.plist.xml; path = Info.plist; sourceTree = "<group>"; };
		EDBF75372683A28200F6C7A7 /* AutolayoutDSL.swift */ = {isa = PBXFileReference; fileEncoding = 4; lastKnownFileType = sourcecode.swift; path = AutolayoutDSL.swift; sourceTree = "<group>"; };
		EDBF75382683A28200F6C7A7 /* AssembledModule.swift */ = {isa = PBXFileReference; fileEncoding = 4; lastKnownFileType = sourcecode.swift; path = AssembledModule.swift; sourceTree = "<group>"; };
		EDBF754D2683A8B900F6C7A7 /* HomeCoordinator.swift */ = {isa = PBXFileReference; lastKnownFileType = sourcecode.swift; path = HomeCoordinator.swift; sourceTree = "<group>"; };
		EDBF754E2683A8B900F6C7A7 /* HomeViewController.swift */ = {isa = PBXFileReference; lastKnownFileType = sourcecode.swift; path = HomeViewController.swift; sourceTree = "<group>"; };
		EDBF754F2683A8B900F6C7A7 /* HomeController.swift */ = {isa = PBXFileReference; lastKnownFileType = sourcecode.swift; path = HomeController.swift; sourceTree = "<group>"; };
		EDBF75502683A8B900F6C7A7 /* HomeAssembly.swift */ = {isa = PBXFileReference; lastKnownFileType = sourcecode.swift; path = HomeAssembly.swift; sourceTree = "<group>"; };
		EDBF755B2683A95400F6C7A7 /* BaseViewController.swift */ = {isa = PBXFileReference; lastKnownFileType = sourcecode.swift; path = BaseViewController.swift; sourceTree = "<group>"; };
		EDBF75612683A99F00F6C7A7 /* UIColor.swift */ = {isa = PBXFileReference; lastKnownFileType = sourcecode.swift; path = UIColor.swift; sourceTree = "<group>"; };
		EDBF75732683BC5000F6C7A7 /* ActionButtonShadow.swift */ = {isa = PBXFileReference; lastKnownFileType = sourcecode.swift; path = ActionButtonShadow.swift; sourceTree = "<group>"; };
		EDBF75802683BDB900F6C7A7 /* Font.swift */ = {isa = PBXFileReference; lastKnownFileType = sourcecode.swift; path = Font.swift; sourceTree = "<group>"; };
		EDBF75852683C1AD00F6C7A7 /* UIApplication.swift */ = {isa = PBXFileReference; lastKnownFileType = sourcecode.swift; path = UIApplication.swift; sourceTree = "<group>"; };
		EDBF75922683C9D800F6C7A7 /* BirthdayScreenCoordinator.swift */ = {isa = PBXFileReference; lastKnownFileType = sourcecode.swift; path = BirthdayScreenCoordinator.swift; sourceTree = "<group>"; };
		EDBF75932683C9D800F6C7A7 /* BirthdayScreenViewController.swift */ = {isa = PBXFileReference; lastKnownFileType = sourcecode.swift; path = BirthdayScreenViewController.swift; sourceTree = "<group>"; };
		EDBF75942683C9D800F6C7A7 /* BirthdayScreenController.swift */ = {isa = PBXFileReference; lastKnownFileType = sourcecode.swift; path = BirthdayScreenController.swift; sourceTree = "<group>"; };
		EDBF75952683C9D800F6C7A7 /* BirthdayScreenAssembly.swift */ = {isa = PBXFileReference; lastKnownFileType = sourcecode.swift; path = BirthdayScreenAssembly.swift; sourceTree = "<group>"; };
		EDBF759E2683CB1600F6C7A7 /* ChildData.swift */ = {isa = PBXFileReference; lastKnownFileType = sourcecode.swift; path = ChildData.swift; sourceTree = "<group>"; };
		EDBF75D92683D29900F6C7A7 /* Date.swift */ = {isa = PBXFileReference; lastKnownFileType = sourcecode.swift; path = Date.swift; sourceTree = "<group>"; };
		EDBF76862684FD7900F6C7A7 /* ImagePicker.swift */ = {isa = PBXFileReference; lastKnownFileType = sourcecode.swift; path = ImagePicker.swift; sourceTree = "<group>"; };
		EDBF768E2685030200F6C7A7 /* UIView.swift */ = {isa = PBXFileReference; lastKnownFileType = sourcecode.swift; path = UIView.swift; sourceTree = "<group>"; };
		EDBF76932685099D00F6C7A7 /* UIViewController.swift */ = {isa = PBXFileReference; lastKnownFileType = sourcecode.swift; path = UIViewController.swift; sourceTree = "<group>"; };
		EDBF769926850F3800F6C7A7 /* ViewFactory.swift */ = {isa = PBXFileReference; lastKnownFileType = sourcecode.swift; path = ViewFactory.swift; sourceTree = "<group>"; };
/* End PBXFileReference section */

/* Begin PBXFrameworksBuildPhase section */
		EDBF74F726839EF900F6C7A7 /* Frameworks */ = {
			isa = PBXFrameworksBuildPhase;
			buildActionMask = 2147483647;
			files = (
			);
			runOnlyForDeploymentPostprocessing = 0;
		};
		EDBF750D26839EFC00F6C7A7 /* Frameworks */ = {
			isa = PBXFrameworksBuildPhase;
			buildActionMask = 2147483647;
			files = (
			);
			runOnlyForDeploymentPostprocessing = 0;
		};
		EDBF751826839EFC00F6C7A7 /* Frameworks */ = {
			isa = PBXFrameworksBuildPhase;
			buildActionMask = 2147483647;
			files = (
			);
			runOnlyForDeploymentPostprocessing = 0;
		};
/* End PBXFrameworksBuildPhase section */

/* Begin PBXGroup section */
		ED4A20762688FF6D0087900A /* Storage */ = {
			isa = PBXGroup;
			children = (
				ED4A20772688FF780087900A /* LocalStorage.swift */,
				ED4A207F268903420087900A /* ChildDataStoring.swift */,
			);
			path = Storage;
			sourceTree = "<group>";
		};
		ED4A20CE2689DDD70087900A /* Services */ = {
			isa = PBXGroup;
			children = (
				ED4A2087268931240087900A /* RandomService.swift */,
				ED4A20CF2689DDEB0087900A /* ValidatorService.swift */,
			);
			path = Services;
			sourceTree = "<group>";
		};
		EDBF74F126839EF900F6C7A7 = {
			isa = PBXGroup;
			children = (
				EDBF74FC26839EF900F6C7A7 /* BabyProduct */,
				EDBF751326839EFC00F6C7A7 /* BabyProductTests */,
				EDBF751E26839EFC00F6C7A7 /* BabyProductUITests */,
				EDBF74FB26839EF900F6C7A7 /* Products */,
			);
			sourceTree = "<group>";
		};
		EDBF74FB26839EF900F6C7A7 /* Products */ = {
			isa = PBXGroup;
			children = (
				EDBF74FA26839EF900F6C7A7 /* BabyProduct.app */,
				EDBF751026839EFC00F6C7A7 /* BabyProductTests.xctest */,
				EDBF751B26839EFC00F6C7A7 /* BabyProductUITests.xctest */,
			);
			name = Products;
			sourceTree = "<group>";
		};
		EDBF74FC26839EF900F6C7A7 /* BabyProduct */ = {
			isa = PBXGroup;
			children = (
				EDBF759D2683CB0500F6C7A7 /* Models */,
				EDBF75902683C99B00F6C7A7 /* Modules */,
				EDBF756C2683B0F600F6C7A7 /* Application */,
				EDBF75412683A2E400F6C7A7 /* Common */,
				EDBF75602683A97700F6C7A7 /* Extensions */,
				EDBF75422683A2ED00F6C7A7 /* Resources */,
			);
			path = BabyProduct;
			sourceTree = "<group>";
		};
		EDBF751326839EFC00F6C7A7 /* BabyProductTests */ = {
			isa = PBXGroup;
			children = (
				EDBF751426839EFC00F6C7A7 /* BabyProductTests.swift */,
				EDBF751626839EFC00F6C7A7 /* Info.plist */,
			);
			path = BabyProductTests;
			sourceTree = "<group>";
		};
		EDBF751E26839EFC00F6C7A7 /* BabyProductUITests */ = {
			isa = PBXGroup;
			children = (
				EDBF751F26839EFC00F6C7A7 /* BabyProductUITests.swift */,
				EDBF752126839EFC00F6C7A7 /* Info.plist */,
			);
			path = BabyProductUITests;
			sourceTree = "<group>";
		};
		EDBF75362683A28200F6C7A7 /* Utils */ = {
			isa = PBXGroup;
			children = (
				ED4A20CE2689DDD70087900A /* Services */,
				EDBF75372683A28200F6C7A7 /* AutolayoutDSL.swift */,
				EDBF75382683A28200F6C7A7 /* AssembledModule.swift */,
				EDBF75802683BDB900F6C7A7 /* Font.swift */,
			);
			path = Utils;
			sourceTree = "<group>";
		};
		EDBF75412683A2E400F6C7A7 /* Common */ = {
			isa = PBXGroup;
			children = (
				ED4A20762688FF6D0087900A /* Storage */,
				EDBF769826850F2D00F6C7A7 /* Factories */,
				EDBF75722683BC3D00F6C7A7 /* UI */,
				EDBF75362683A28200F6C7A7 /* Utils */,
				EDBF76862684FD7900F6C7A7 /* ImagePicker.swift */,
			);
			path = Common;
			sourceTree = "<group>";
		};
		EDBF75422683A2ED00F6C7A7 /* Resources */ = {
			isa = PBXGroup;
			children = (
				EDBF750626839EFC00F6C7A7 /* Assets.xcassets */,
				EDBF750826839EFC00F6C7A7 /* LaunchScreen.storyboard */,
				EDBF750B26839EFC00F6C7A7 /* Info.plist */,
			);
			path = Resources;
			sourceTree = "<group>";
		};
		EDBF75462683A40D00F6C7A7 /* Home */ = {
			isa = PBXGroup;
			children = (
				EDBF754D2683A8B900F6C7A7 /* HomeCoordinator.swift */,
				EDBF754E2683A8B900F6C7A7 /* HomeViewController.swift */,
				EDBF754F2683A8B900F6C7A7 /* HomeController.swift */,
				EDBF75502683A8B900F6C7A7 /* HomeAssembly.swift */,
			);
			path = Home;
			sourceTree = "<group>";
		};
		EDBF75602683A97700F6C7A7 /* Extensions */ = {
			isa = PBXGroup;
			children = (
				EDBF75612683A99F00F6C7A7 /* UIColor.swift */,
				EDBF75852683C1AD00F6C7A7 /* UIApplication.swift */,
				EDBF75D92683D29900F6C7A7 /* Date.swift */,
				EDBF768E2685030200F6C7A7 /* UIView.swift */,
				EDBF76932685099D00F6C7A7 /* UIViewController.swift */,
				ED4A206E2688ABD10087900A /* UIImage.swift */,
				ED4A208C268938490087900A /* String.swift */,
			);
			path = Extensions;
			sourceTree = "<group>";
		};
		EDBF756C2683B0F600F6C7A7 /* Application */ = {
			isa = PBXGroup;
			children = (
				EDBF74FD26839EF900F6C7A7 /* AppDelegate.swift */,
				EDBF74FF26839EF900F6C7A7 /* SceneDelegate.swift */,
			);
			path = Application;
			sourceTree = "<group>";
		};
		EDBF75722683BC3D00F6C7A7 /* UI */ = {
			isa = PBXGroup;
			children = (
				EDBF755B2683A95400F6C7A7 /* BaseViewController.swift */,
				EDBF75732683BC5000F6C7A7 /* ActionButtonShadow.swift */,
				ED4A206926889E9C0087900A /* Toast.swift */,
			);
			path = UI;
			sourceTree = "<group>";
		};
		EDBF75902683C99B00F6C7A7 /* Modules */ = {
			isa = PBXGroup;
			children = (
				EDBF75912683C9AA00F6C7A7 /* BirthdayScreen */,
				EDBF75462683A40D00F6C7A7 /* Home */,
			);
			path = Modules;
			sourceTree = "<group>";
		};
		EDBF75912683C9AA00F6C7A7 /* BirthdayScreen */ = {
			isa = PBXGroup;
			children = (
				EDBF75922683C9D800F6C7A7 /* BirthdayScreenCoordinator.swift */,
				EDBF75932683C9D800F6C7A7 /* BirthdayScreenViewController.swift */,
				EDBF75942683C9D800F6C7A7 /* BirthdayScreenController.swift */,
				EDBF75952683C9D800F6C7A7 /* BirthdayScreenAssembly.swift */,
			);
			path = BirthdayScreen;
			sourceTree = "<group>";
		};
		EDBF759D2683CB0500F6C7A7 /* Models */ = {
			isa = PBXGroup;
			children = (
				EDBF759E2683CB1600F6C7A7 /* ChildData.swift */,
			);
			path = Models;
			sourceTree = "<group>";
		};
		EDBF769826850F2D00F6C7A7 /* Factories */ = {
			isa = PBXGroup;
			children = (
				EDBF769926850F3800F6C7A7 /* ViewFactory.swift */,
			);
			path = Factories;
			sourceTree = "<group>";
		};
/* End PBXGroup section */

/* Begin PBXNativeTarget section */
		EDBF74F926839EF900F6C7A7 /* BabyProduct */ = {
			isa = PBXNativeTarget;
			buildConfigurationList = EDBF752426839EFC00F6C7A7 /* Build configuration list for PBXNativeTarget "BabyProduct" */;
			buildPhases = (
				EDBF74F626839EF900F6C7A7 /* Sources */,
				EDBF74F726839EF900F6C7A7 /* Frameworks */,
				EDBF74F826839EF900F6C7A7 /* Resources */,
				ED4A20CA2689D42E0087900A /* ShellScript */,
			);
			buildRules = (
			);
			dependencies = (
			);
			name = BabyProduct;
			productName = BabyProduct;
			productReference = EDBF74FA26839EF900F6C7A7 /* BabyProduct.app */;
			productType = "com.apple.product-type.application";
		};
		EDBF750F26839EFC00F6C7A7 /* BabyProductTests */ = {
			isa = PBXNativeTarget;
			buildConfigurationList = EDBF752726839EFC00F6C7A7 /* Build configuration list for PBXNativeTarget "BabyProductTests" */;
			buildPhases = (
				EDBF750C26839EFC00F6C7A7 /* Sources */,
				EDBF750D26839EFC00F6C7A7 /* Frameworks */,
				EDBF750E26839EFC00F6C7A7 /* Resources */,
			);
			buildRules = (
			);
			dependencies = (
				EDBF751226839EFC00F6C7A7 /* PBXTargetDependency */,
			);
			name = BabyProductTests;
			productName = BabyProductTests;
			productReference = EDBF751026839EFC00F6C7A7 /* BabyProductTests.xctest */;
			productType = "com.apple.product-type.bundle.unit-test";
		};
		EDBF751A26839EFC00F6C7A7 /* BabyProductUITests */ = {
			isa = PBXNativeTarget;
			buildConfigurationList = EDBF752A26839EFC00F6C7A7 /* Build configuration list for PBXNativeTarget "BabyProductUITests" */;
			buildPhases = (
				EDBF751726839EFC00F6C7A7 /* Sources */,
				EDBF751826839EFC00F6C7A7 /* Frameworks */,
				EDBF751926839EFC00F6C7A7 /* Resources */,
			);
			buildRules = (
			);
			dependencies = (
				EDBF751D26839EFC00F6C7A7 /* PBXTargetDependency */,
			);
			name = BabyProductUITests;
			productName = BabyProductUITests;
			productReference = EDBF751B26839EFC00F6C7A7 /* BabyProductUITests.xctest */;
			productType = "com.apple.product-type.bundle.ui-testing";
		};
/* End PBXNativeTarget section */

/* Begin PBXProject section */
		EDBF74F226839EF900F6C7A7 /* Project object */ = {
			isa = PBXProject;
			attributes = {
				LastSwiftUpdateCheck = 1240;
				LastUpgradeCheck = 1240;
				TargetAttributes = {
					EDBF74F926839EF900F6C7A7 = {
						CreatedOnToolsVersion = 12.4;
					};
					EDBF750F26839EFC00F6C7A7 = {
						CreatedOnToolsVersion = 12.4;
						TestTargetID = EDBF74F926839EF900F6C7A7;
					};
					EDBF751A26839EFC00F6C7A7 = {
						CreatedOnToolsVersion = 12.4;
						TestTargetID = EDBF74F926839EF900F6C7A7;
					};
				};
			};
			buildConfigurationList = EDBF74F526839EF900F6C7A7 /* Build configuration list for PBXProject "BabyProduct" */;
			compatibilityVersion = "Xcode 9.3";
			developmentRegion = en;
			hasScannedForEncodings = 0;
			knownRegions = (
				en,
				Base,
			);
			mainGroup = EDBF74F126839EF900F6C7A7;
			productRefGroup = EDBF74FB26839EF900F6C7A7 /* Products */;
			projectDirPath = "";
			projectRoot = "";
			targets = (
				EDBF74F926839EF900F6C7A7 /* BabyProduct */,
				EDBF750F26839EFC00F6C7A7 /* BabyProductTests */,
				EDBF751A26839EFC00F6C7A7 /* BabyProductUITests */,
			);
		};
/* End PBXProject section */

/* Begin PBXResourcesBuildPhase section */
		EDBF74F826839EF900F6C7A7 /* Resources */ = {
			isa = PBXResourcesBuildPhase;
			buildActionMask = 2147483647;
			files = (
				EDBF750A26839EFC00F6C7A7 /* LaunchScreen.storyboard in Resources */,
				EDBF750726839EFC00F6C7A7 /* Assets.xcassets in Resources */,
			);
			runOnlyForDeploymentPostprocessing = 0;
		};
		EDBF750E26839EFC00F6C7A7 /* Resources */ = {
			isa = PBXResourcesBuildPhase;
			buildActionMask = 2147483647;
			files = (
			);
			runOnlyForDeploymentPostprocessing = 0;
		};
		EDBF751926839EFC00F6C7A7 /* Resources */ = {
			isa = PBXResourcesBuildPhase;
			buildActionMask = 2147483647;
			files = (
			);
			runOnlyForDeploymentPostprocessing = 0;
		};
/* End PBXResourcesBuildPhase section */

/* Begin PBXShellScriptBuildPhase section */
		ED4A20CA2689D42E0087900A /* ShellScript */ = {
			isa = PBXShellScriptBuildPhase;
			buildActionMask = 2147483647;
			files = (
			);
			inputFileListPaths = (
			);
			inputPaths = (
			);
			outputFileListPaths = (
			);
			outputPaths = (
			);
			runOnlyForDeploymentPostprocessing = 0;
			shellPath = /bin/sh;
			shellScript = "if which swiftlint >/dev/null; then\n  swiftlint autocorrect && swiftlint\nelse\n  echo \"warning: SwiftLint not installed, download from https://github.com/realm/SwiftLint\"\nfi\n";
		};
/* End PBXShellScriptBuildPhase section */

/* Begin PBXSourcesBuildPhase section */
		EDBF74F626839EF900F6C7A7 /* Sources */ = {
			isa = PBXSourcesBuildPhase;
			buildActionMask = 2147483647;
			files = (
				ED4A208D268938490087900A /* String.swift in Sources */,
				EDBF75972683C9D800F6C7A7 /* BirthdayScreenViewController.swift in Sources */,
				ED4A206F2688ABD10087900A /* UIImage.swift in Sources */,
				ED4A206A26889E9C0087900A /* Toast.swift in Sources */,
				EDBF75742683BC5000F6C7A7 /* ActionButtonShadow.swift in Sources */,
				ED4A2088268931240087900A /* RandomService.swift in Sources */,
				EDBF75542683A8B900F6C7A7 /* HomeAssembly.swift in Sources */,
				EDBF75392683A28200F6C7A7 /* AutolayoutDSL.swift in Sources */,
				EDBF759F2683CB1600F6C7A7 /* ChildData.swift in Sources */,
				EDBF75982683C9D800F6C7A7 /* BirthdayScreenController.swift in Sources */,
				EDBF753A2683A28200F6C7A7 /* AssembledModule.swift in Sources */,
				EDBF74FE26839EF900F6C7A7 /* AppDelegate.swift in Sources */,
				EDBF75532683A8B900F6C7A7 /* HomeController.swift in Sources */,
				EDBF755C2683A95400F6C7A7 /* BaseViewController.swift in Sources */,
				EDBF768F2685030200F6C7A7 /* UIView.swift in Sources */,
				EDBF75812683BDB900F6C7A7 /* Font.swift in Sources */,
				EDBF75862683C1AD00F6C7A7 /* UIApplication.swift in Sources */,
				EDBF75962683C9D800F6C7A7 /* BirthdayScreenCoordinator.swift in Sources */,
				EDBF769A26850F3800F6C7A7 /* ViewFactory.swift in Sources */,
				EDBF76942685099D00F6C7A7 /* UIViewController.swift in Sources */,
				EDBF750026839EF900F6C7A7 /* SceneDelegate.swift in Sources */,
				EDBF75522683A8B900F6C7A7 /* HomeViewController.swift in Sources */,
				EDBF75512683A8B900F6C7A7 /* HomeCoordinator.swift in Sources */,
				EDBF75DA2683D29900F6C7A7 /* Date.swift in Sources */,
				EDBF76872684FD7900F6C7A7 /* ImagePicker.swift in Sources */,
				ED4A20782688FF780087900A /* LocalStorage.swift in Sources */,
				ED4A20D02689DDEB0087900A /* ValidatorService.swift in Sources */,
				EDBF75622683A99F00F6C7A7 /* UIColor.swift in Sources */,
				ED4A2080268903420087900A /* ChildDataStoring.swift in Sources */,
				EDBF75992683C9D800F6C7A7 /* BirthdayScreenAssembly.swift in Sources */,
			);
			runOnlyForDeploymentPostprocessing = 0;
		};
		EDBF750C26839EFC00F6C7A7 /* Sources */ = {
			isa = PBXSourcesBuildPhase;
			buildActionMask = 2147483647;
			files = (
				EDBF751526839EFC00F6C7A7 /* BabyProductTests.swift in Sources */,
			);
			runOnlyForDeploymentPostprocessing = 0;
		};
		EDBF751726839EFC00F6C7A7 /* Sources */ = {
			isa = PBXSourcesBuildPhase;
			buildActionMask = 2147483647;
			files = (
				EDBF752026839EFC00F6C7A7 /* BabyProductUITests.swift in Sources */,
			);
			runOnlyForDeploymentPostprocessing = 0;
		};
/* End PBXSourcesBuildPhase section */

/* Begin PBXTargetDependency section */
		EDBF751226839EFC00F6C7A7 /* PBXTargetDependency */ = {
			isa = PBXTargetDependency;
			target = EDBF74F926839EF900F6C7A7 /* BabyProduct */;
			targetProxy = EDBF751126839EFC00F6C7A7 /* PBXContainerItemProxy */;
		};
		EDBF751D26839EFC00F6C7A7 /* PBXTargetDependency */ = {
			isa = PBXTargetDependency;
			target = EDBF74F926839EF900F6C7A7 /* BabyProduct */;
			targetProxy = EDBF751C26839EFC00F6C7A7 /* PBXContainerItemProxy */;
		};
/* End PBXTargetDependency section */

/* Begin PBXVariantGroup section */
		EDBF750826839EFC00F6C7A7 /* LaunchScreen.storyboard */ = {
			isa = PBXVariantGroup;
			children = (
				EDBF750926839EFC00F6C7A7 /* Base */,
			);
			name = LaunchScreen.storyboard;
			sourceTree = "<group>";
		};
/* End PBXVariantGroup section */

/* Begin XCBuildConfiguration section */
		EDBF752226839EFC00F6C7A7 /* Debug */ = {
			isa = XCBuildConfiguration;
			buildSettings = {
				ALWAYS_SEARCH_USER_PATHS = NO;
				CLANG_ANALYZER_NONNULL = YES;
				CLANG_ANALYZER_NUMBER_OBJECT_CONVERSION = YES_AGGRESSIVE;
				CLANG_CXX_LANGUAGE_STANDARD = "gnu++14";
				CLANG_CXX_LIBRARY = "libc++";
				CLANG_ENABLE_MODULES = YES;
				CLANG_ENABLE_OBJC_ARC = YES;
				CLANG_ENABLE_OBJC_WEAK = YES;
				CLANG_WARN_BLOCK_CAPTURE_AUTORELEASING = YES;
				CLANG_WARN_BOOL_CONVERSION = YES;
				CLANG_WARN_COMMA = YES;
				CLANG_WARN_CONSTANT_CONVERSION = YES;
				CLANG_WARN_DEPRECATED_OBJC_IMPLEMENTATIONS = YES;
				CLANG_WARN_DIRECT_OBJC_ISA_USAGE = YES_ERROR;
				CLANG_WARN_DOCUMENTATION_COMMENTS = YES;
				CLANG_WARN_EMPTY_BODY = YES;
				CLANG_WARN_ENUM_CONVERSION = YES;
				CLANG_WARN_INFINITE_RECURSION = YES;
				CLANG_WARN_INT_CONVERSION = YES;
				CLANG_WARN_NON_LITERAL_NULL_CONVERSION = YES;
				CLANG_WARN_OBJC_IMPLICIT_RETAIN_SELF = YES;
				CLANG_WARN_OBJC_LITERAL_CONVERSION = YES;
				CLANG_WARN_OBJC_ROOT_CLASS = YES_ERROR;
				CLANG_WARN_QUOTED_INCLUDE_IN_FRAMEWORK_HEADER = YES;
				CLANG_WARN_RANGE_LOOP_ANALYSIS = YES;
				CLANG_WARN_STRICT_PROTOTYPES = YES;
				CLANG_WARN_SUSPICIOUS_MOVE = YES;
				CLANG_WARN_UNGUARDED_AVAILABILITY = YES_AGGRESSIVE;
				CLANG_WARN_UNREACHABLE_CODE = YES;
				CLANG_WARN__DUPLICATE_METHOD_MATCH = YES;
				COPY_PHASE_STRIP = NO;
				DEBUG_INFORMATION_FORMAT = dwarf;
				ENABLE_STRICT_OBJC_MSGSEND = YES;
				ENABLE_TESTABILITY = YES;
				GCC_C_LANGUAGE_STANDARD = gnu11;
				GCC_DYNAMIC_NO_PIC = NO;
				GCC_NO_COMMON_BLOCKS = YES;
				GCC_OPTIMIZATION_LEVEL = 0;
				GCC_PREPROCESSOR_DEFINITIONS = (
					"DEBUG=1",
					"$(inherited)",
				);
				GCC_WARN_64_TO_32_BIT_CONVERSION = YES;
				GCC_WARN_ABOUT_RETURN_TYPE = YES_ERROR;
				GCC_WARN_UNDECLARED_SELECTOR = YES;
				GCC_WARN_UNINITIALIZED_AUTOS = YES_AGGRESSIVE;
				GCC_WARN_UNUSED_FUNCTION = YES;
				GCC_WARN_UNUSED_VARIABLE = YES;
				IPHONEOS_DEPLOYMENT_TARGET = 14.4;
				MTL_ENABLE_DEBUG_INFO = INCLUDE_SOURCE;
				MTL_FAST_MATH = YES;
				ONLY_ACTIVE_ARCH = YES;
				SDKROOT = iphoneos;
				SWIFT_ACTIVE_COMPILATION_CONDITIONS = DEBUG;
				SWIFT_OPTIMIZATION_LEVEL = "-Onone";
			};
			name = Debug;
		};
		EDBF752326839EFC00F6C7A7 /* Release */ = {
			isa = XCBuildConfiguration;
			buildSettings = {
				ALWAYS_SEARCH_USER_PATHS = NO;
				CLANG_ANALYZER_NONNULL = YES;
				CLANG_ANALYZER_NUMBER_OBJECT_CONVERSION = YES_AGGRESSIVE;
				CLANG_CXX_LANGUAGE_STANDARD = "gnu++14";
				CLANG_CXX_LIBRARY = "libc++";
				CLANG_ENABLE_MODULES = YES;
				CLANG_ENABLE_OBJC_ARC = YES;
				CLANG_ENABLE_OBJC_WEAK = YES;
				CLANG_WARN_BLOCK_CAPTURE_AUTORELEASING = YES;
				CLANG_WARN_BOOL_CONVERSION = YES;
				CLANG_WARN_COMMA = YES;
				CLANG_WARN_CONSTANT_CONVERSION = YES;
				CLANG_WARN_DEPRECATED_OBJC_IMPLEMENTATIONS = YES;
				CLANG_WARN_DIRECT_OBJC_ISA_USAGE = YES_ERROR;
				CLANG_WARN_DOCUMENTATION_COMMENTS = YES;
				CLANG_WARN_EMPTY_BODY = YES;
				CLANG_WARN_ENUM_CONVERSION = YES;
				CLANG_WARN_INFINITE_RECURSION = YES;
				CLANG_WARN_INT_CONVERSION = YES;
				CLANG_WARN_NON_LITERAL_NULL_CONVERSION = YES;
				CLANG_WARN_OBJC_IMPLICIT_RETAIN_SELF = YES;
				CLANG_WARN_OBJC_LITERAL_CONVERSION = YES;
				CLANG_WARN_OBJC_ROOT_CLASS = YES_ERROR;
				CLANG_WARN_QUOTED_INCLUDE_IN_FRAMEWORK_HEADER = YES;
				CLANG_WARN_RANGE_LOOP_ANALYSIS = YES;
				CLANG_WARN_STRICT_PROTOTYPES = YES;
				CLANG_WARN_SUSPICIOUS_MOVE = YES;
				CLANG_WARN_UNGUARDED_AVAILABILITY = YES_AGGRESSIVE;
				CLANG_WARN_UNREACHABLE_CODE = YES;
				CLANG_WARN__DUPLICATE_METHOD_MATCH = YES;
				COPY_PHASE_STRIP = NO;
				DEBUG_INFORMATION_FORMAT = "dwarf-with-dsym";
				ENABLE_NS_ASSERTIONS = NO;
				ENABLE_STRICT_OBJC_MSGSEND = YES;
				GCC_C_LANGUAGE_STANDARD = gnu11;
				GCC_NO_COMMON_BLOCKS = YES;
				GCC_WARN_64_TO_32_BIT_CONVERSION = YES;
				GCC_WARN_ABOUT_RETURN_TYPE = YES_ERROR;
				GCC_WARN_UNDECLARED_SELECTOR = YES;
				GCC_WARN_UNINITIALIZED_AUTOS = YES_AGGRESSIVE;
				GCC_WARN_UNUSED_FUNCTION = YES;
				GCC_WARN_UNUSED_VARIABLE = YES;
				IPHONEOS_DEPLOYMENT_TARGET = 14.4;
				MTL_ENABLE_DEBUG_INFO = NO;
				MTL_FAST_MATH = YES;
				SDKROOT = iphoneos;
				SWIFT_COMPILATION_MODE = wholemodule;
				SWIFT_OPTIMIZATION_LEVEL = "-O";
				VALIDATE_PRODUCT = YES;
			};
			name = Release;
		};
		EDBF752526839EFC00F6C7A7 /* Debug */ = {
			isa = XCBuildConfiguration;
			buildSettings = {
				ASSETCATALOG_COMPILER_APPICON_NAME = AppIcon;
				ASSETCATALOG_COMPILER_GLOBAL_ACCENT_COLOR_NAME = AccentColor;
				CODE_SIGN_STYLE = Automatic;
				DEVELOPMENT_TEAM = 2GV9HU2JH8;
				INFOPLIST_FILE = BabyProduct/Resources/Info.plist;
				LD_RUNPATH_SEARCH_PATHS = (
					"$(inherited)",
					"@executable_path/Frameworks",
				);
				PRODUCT_BUNDLE_IDENTIFIER = ArtemisKS.BabyProduct;
				PRODUCT_NAME = "$(TARGET_NAME)";
				SWIFT_VERSION = 5.0;
				TARGETED_DEVICE_FAMILY = "1,2";
			};
			name = Debug;
		};
		EDBF752626839EFC00F6C7A7 /* Release */ = {
			isa = XCBuildConfiguration;
			buildSettings = {
				ASSETCATALOG_COMPILER_APPICON_NAME = AppIcon;
				ASSETCATALOG_COMPILER_GLOBAL_ACCENT_COLOR_NAME = AccentColor;
				CODE_SIGN_STYLE = Automatic;
				DEVELOPMENT_TEAM = 2GV9HU2JH8;
				INFOPLIST_FILE = BabyProduct/Resources/Info.plist;
				LD_RUNPATH_SEARCH_PATHS = (
					"$(inherited)",
					"@executable_path/Frameworks",
				);
				PRODUCT_BUNDLE_IDENTIFIER = ArtemisKS.BabyProduct;
				PRODUCT_NAME = "$(TARGET_NAME)";
				SWIFT_VERSION = 5.0;
				TARGETED_DEVICE_FAMILY = "1,2";
			};
			name = Release;
		};
		EDBF752826839EFC00F6C7A7 /* Debug */ = {
			isa = XCBuildConfiguration;
			buildSettings = {
				ALWAYS_EMBED_SWIFT_STANDARD_LIBRARIES = YES;
				BUNDLE_LOADER = "$(TEST_HOST)";
				CODE_SIGN_STYLE = Automatic;
				DEVELOPMENT_TEAM = 2GV9HU2JH8;
				INFOPLIST_FILE = BabyProductTests/Info.plist;
				IPHONEOS_DEPLOYMENT_TARGET = 14.4;
				LD_RUNPATH_SEARCH_PATHS = (
					"$(inherited)",
					"@executable_path/Frameworks",
					"@loader_path/Frameworks",
				);
				PRODUCT_BUNDLE_IDENTIFIER = ArtemisKS.BabyProductTests;
				PRODUCT_NAME = "$(TARGET_NAME)";
				SWIFT_VERSION = 5.0;
				TARGETED_DEVICE_FAMILY = "1,2";
				TEST_HOST = "$(BUILT_PRODUCTS_DIR)/BabyProduct.app/BabyProduct";
			};
			name = Debug;
		};
		EDBF752926839EFC00F6C7A7 /* Release */ = {
			isa = XCBuildConfiguration;
			buildSettings = {
				ALWAYS_EMBED_SWIFT_STANDARD_LIBRARIES = YES;
				BUNDLE_LOADER = "$(TEST_HOST)";
				CODE_SIGN_STYLE = Automatic;
				DEVELOPMENT_TEAM = 2GV9HU2JH8;
				INFOPLIST_FILE = BabyProductTests/Info.plist;
				IPHONEOS_DEPLOYMENT_TARGET = 14.4;
				LD_RUNPATH_SEARCH_PATHS = (
					"$(inherited)",
					"@executable_path/Frameworks",
					"@loader_path/Frameworks",
				);
				PRODUCT_BUNDLE_IDENTIFIER = ArtemisKS.BabyProductTests;
				PRODUCT_NAME = "$(TARGET_NAME)";
				SWIFT_VERSION = 5.0;
				TARGETED_DEVICE_FAMILY = "1,2";
				TEST_HOST = "$(BUILT_PRODUCTS_DIR)/BabyProduct.app/BabyProduct";
			};
			name = Release;
		};
		EDBF752B26839EFC00F6C7A7 /* Debug */ = {
			isa = XCBuildConfiguration;
			buildSettings = {
				ALWAYS_EMBED_SWIFT_STANDARD_LIBRARIES = YES;
				CODE_SIGN_STYLE = Automatic;
				DEVELOPMENT_TEAM = 2GV9HU2JH8;
				INFOPLIST_FILE = BabyProductUITests/Info.plist;
				LD_RUNPATH_SEARCH_PATHS = (
					"$(inherited)",
					"@executable_path/Frameworks",
					"@loader_path/Frameworks",
				);
				PRODUCT_BUNDLE_IDENTIFIER = ArtemisKS.BabyProductUITests;
				PRODUCT_NAME = "$(TARGET_NAME)";
				SWIFT_VERSION = 5.0;
				TARGETED_DEVICE_FAMILY = "1,2";
				TEST_TARGET_NAME = BabyProduct;
			};
			name = Debug;
		};
		EDBF752C26839EFC00F6C7A7 /* Release */ = {
			isa = XCBuildConfiguration;
			buildSettings = {
				ALWAYS_EMBED_SWIFT_STANDARD_LIBRARIES = YES;
				CODE_SIGN_STYLE = Automatic;
				DEVELOPMENT_TEAM = 2GV9HU2JH8;
				INFOPLIST_FILE = BabyProductUITests/Info.plist;
				LD_RUNPATH_SEARCH_PATHS = (
					"$(inherited)",
					"@executable_path/Frameworks",
					"@loader_path/Frameworks",
				);
				PRODUCT_BUNDLE_IDENTIFIER = ArtemisKS.BabyProductUITests;
				PRODUCT_NAME = "$(TARGET_NAME)";
				SWIFT_VERSION = 5.0;
				TARGETED_DEVICE_FAMILY = "1,2";
				TEST_TARGET_NAME = BabyProduct;
			};
			name = Release;
		};
/* End XCBuildConfiguration section */

/* Begin XCConfigurationList section */
		EDBF74F526839EF900F6C7A7 /* Build configuration list for PBXProject "BabyProduct" */ = {
			isa = XCConfigurationList;
			buildConfigurations = (
				EDBF752226839EFC00F6C7A7 /* Debug */,
				EDBF752326839EFC00F6C7A7 /* Release */,
			);
			defaultConfigurationIsVisible = 0;
			defaultConfigurationName = Release;
		};
		EDBF752426839EFC00F6C7A7 /* Build configuration list for PBXNativeTarget "BabyProduct" */ = {
			isa = XCConfigurationList;
			buildConfigurations = (
				EDBF752526839EFC00F6C7A7 /* Debug */,
				EDBF752626839EFC00F6C7A7 /* Release */,
			);
			defaultConfigurationIsVisible = 0;
			defaultConfigurationName = Release;
		};
		EDBF752726839EFC00F6C7A7 /* Build configuration list for PBXNativeTarget "BabyProductTests" */ = {
			isa = XCConfigurationList;
			buildConfigurations = (
				EDBF752826839EFC00F6C7A7 /* Debug */,
				EDBF752926839EFC00F6C7A7 /* Release */,
			);
			defaultConfigurationIsVisible = 0;
			defaultConfigurationName = Release;
		};
		EDBF752A26839EFC00F6C7A7 /* Build configuration list for PBXNativeTarget "BabyProductUITests" */ = {
			isa = XCConfigurationList;
			buildConfigurations = (
				EDBF752B26839EFC00F6C7A7 /* Debug */,
				EDBF752C26839EFC00F6C7A7 /* Release */,
			);
			defaultConfigurationIsVisible = 0;
			defaultConfigurationName = Release;
		};
/* End XCConfigurationList section */
	};
	rootObject = EDBF74F226839EF900F6C7A7 /* Project object */;
}
